
Microsoft Visual Studio Solution File, Format Version 12.00
# Visual Studio Version 17
VisualStudioVersion = 17.3.32825.248
MinimumVisualStudioVersion = 10.0.40219.1
Project("{FAE04EC0-301F-11D3-BF4B-00C04F79EFBC}") = "seção 9", "seção 9\seção 9.csproj", "{9DB959CF-46D0-49B9-981F-F127AA48C3F1}"
EndProject
Global
	GlobalSection(SolutionConfigurationPlatforms) = preSolution
		Debug|Any CPU = Debug|Any CPU
		Release|Any CPU = Release|Any CPU
	EndGlobalSection
	GlobalSection(ProjectConfigurationPlatforms) = postSolution
		{9DB959CF-46D0-49B9-981F-F127AA48C3F1}.Debug|Any CPU.ActiveCfg = Debug|Any CPU
		{9DB959CF-46D0-49B9-981F-F127AA48C3F1}.Debug|Any CPU.Build.0 = Debug|Any CPU
		{9DB959CF-46D0-49B9-981F-F127AA48C3F1}.Release|Any CPU.ActiveCfg = Release|Any CPU
		{9DB959CF-46D0-49B9-981F-F127AA48C3F1}.Release|Any CPU.Build.0 = Release|Any CPU
	EndGlobalSection
	GlobalSection(SolutionProperties) = preSolution
		HideSolutionNode = FALSE
	EndGlobalSection
	GlobalSection(ExtensibilityGlobals) = postSolution
		SolutionGuid = {DC7F97D5-3822-4D2D-98C4-ED0EDF648E59}
	EndGlobalSection
EndGlobal
